
Microsoft Visual Studio Solution File, Format Version 12.00
# Visual Studio Version 17
VisualStudioVersion = 17.13.35806.99
MinimumVisualStudioVersion = 10.0.40219.1
Project("{FAE04EC0-301F-11D3-BF4B-00C04F79EFBC}") = "MyWebSite", "MyWebSite.csproj", "{A3E5FD75-512E-4D31-ABB7-758E34BF9F4B}"
EndProject
Global
	GlobalSection(SolutionConfigurationPlatforms) = preSolution
		Debug|Any CPU = Debug|Any CPU
		Release|Any CPU = Release|Any CPU
	EndGlobalSection
	GlobalSection(ProjectConfigurationPlatforms) = postSolution
		{A3E5FD75-512E-4D31-ABB7-758E34BF9F4B}.Debug|Any CPU.ActiveCfg = Debug|Any CPU
		{A3E5FD75-512E-4D31-ABB7-758E34BF9F4B}.Debug|Any CPU.Build.0 = Debug|Any CPU
		{A3E5FD75-512E-4D31-ABB7-758E34BF9F4B}.Release|Any CPU.ActiveCfg = Release|Any CPU
		{A3E5FD75-512E-4D31-ABB7-758E34BF9F4B}.Release|Any CPU.Build.0 = Release|Any CPU
	EndGlobalSection
	GlobalSection(SolutionProperties) = preSolution
		HideSolutionNode = FALSE
	EndGlobalSection
	GlobalSection(ExtensibilityGlobals) = postSolution
		SolutionGuid = {ED0CE03F-AC15-437A-AB64-4AC5A621482B}
	EndGlobalSection
EndGlobal
